
Microsoft Visual Studio Solution File, Format Version 12.00
# Visual Studio Version 17
VisualStudioVersion = 17.2.32616.157
MinimumVisualStudioVersion = 10.0.40219.1
Project("{FAE04EC0-301F-11D3-BF4B-00C04F79EFBC}") = "EmployeePayrollMultithreading", "EmployeePayrollMultithreading\EmployeePayrollMultithreading.csproj", "{EA96E00E-47BE-476D-AB29-C7B13C845A26}"
EndProject
Project("{FAE04EC0-301F-11D3-BF4B-00C04F79EFBC}") = "EmployeePayrollMultithreadingTests", "EmployeePayrollMultithreadingTests\EmployeePayrollMultithreadingTests.csproj", "{917EBA5D-6CBA-4834-AD2D-7A99A9E3B6F7}"
EndProject
Global
	GlobalSection(SolutionConfigurationPlatforms) = preSolution
		Debug|Any CPU = Debug|Any CPU
		Release|Any CPU = Release|Any CPU
	EndGlobalSection
	GlobalSection(ProjectConfigurationPlatforms) = postSolution
		{EA96E00E-47BE-476D-AB29-C7B13C845A26}.Debug|Any CPU.ActiveCfg = Debug|Any CPU
		{EA96E00E-47BE-476D-AB29-C7B13C845A26}.Debug|Any CPU.Build.0 = Debug|Any CPU
		{EA96E00E-47BE-476D-AB29-C7B13C845A26}.Release|Any CPU.ActiveCfg = Release|Any CPU
		{EA96E00E-47BE-476D-AB29-C7B13C845A26}.Release|Any CPU.Build.0 = Release|Any CPU
		{917EBA5D-6CBA-4834-AD2D-7A99A9E3B6F7}.Debug|Any CPU.ActiveCfg = Debug|Any CPU
		{917EBA5D-6CBA-4834-AD2D-7A99A9E3B6F7}.Debug|Any CPU.Build.0 = Debug|Any CPU
		{917EBA5D-6CBA-4834-AD2D-7A99A9E3B6F7}.Release|Any CPU.ActiveCfg = Release|Any CPU
		{917EBA5D-6CBA-4834-AD2D-7A99A9E3B6F7}.Release|Any CPU.Build.0 = Release|Any CPU
	EndGlobalSection
	GlobalSection(SolutionProperties) = preSolution
		HideSolutionNode = FALSE
	EndGlobalSection
	GlobalSection(ExtensibilityGlobals) = postSolution
		SolutionGuid = {56E0345A-EF5F-4FFA-96DD-A279D496FB01}
	EndGlobalSection
EndGlobal
